
Microsoft Visual Studio Solution File, Format Version 12.00
# Visual Studio 15
VisualStudioVersion = 15.0.27924.0
MinimumVisualStudioVersion = 10.0.40219.1
Project("{FAE04EC0-301F-11D3-BF4B-00C04F79EFBC}") = "Exercise1", "Exercise1\Exercise1.csproj", "{CD3AF2BC-B6C9-487F-ACE9-E8DC9ACB741F}"
EndProject
Project("{FAE04EC0-301F-11D3-BF4B-00C04F79EFBC}") = "Exercise2", "Exercise2\Exercise2.csproj", "{55C01836-E6BB-45DE-AF2F-3368781E904B}"
EndProject
Project("{FAE04EC0-301F-11D3-BF4B-00C04F79EFBC}") = "Exercise3", "Exercise3\Exercise3.csproj", "{0612CAEA-52D5-4B03-A925-7CE37B3A5A3E}"
EndProject
Project("{FAE04EC0-301F-11D3-BF4B-00C04F79EFBC}") = "Exercise5(Array)", "Exercise4\Exercise5(Array).csproj", "{D4E659F2-A419-4005-AA8B-B681769088B1}"
EndProject
Project("{FAE04EC0-301F-11D3-BF4B-00C04F79EFBC}") = "Exercise4", "Exercise5\Exercise4.csproj", "{0338C56E-2C43-435D-AF0C-927731EB2126}"
EndProject
Project("{FAE04EC0-301F-11D3-BF4B-00C04F79EFBC}") = "Exercise6", "Exercise6\Exercise6.csproj", "{82CE09A8-0696-473C-8219-74B2C6C0D942}"
EndProject
Project("{FAE04EC0-301F-11D3-BF4B-00C04F79EFBC}") = "Exercise7", "Exercise7\Exercise7.csproj", "{13060557-B5A6-416D-8446-551DAEC67B2D}"
EndProject
Project("{FAE04EC0-301F-11D3-BF4B-00C04F79EFBC}") = "Exercise8", "Exercise8\Exercise8.csproj", "{7B1E771A-F8CD-467D-BD62-3EF5903822EA}"
EndProject
Project("{FAE04EC0-301F-11D3-BF4B-00C04F79EFBC}") = "Exercise9", "Exercise9\Exercise9.csproj", "{FD8A14BC-FF78-43D0-9B62-49BA0985A59F}"
EndProject
Project("{2150E333-8FDC-42A3-9474-1A3956D46DE8}") = "Function", "Function", "{2ACFB45F-748C-4BC0-8724-B80059E3D433}"
EndProject
Project("{FAE04EC0-301F-11D3-BF4B-00C04F79EFBC}") = "Exercise10", "Exercise10\Exercise10.csproj", "{66DE1134-28A4-4B71-9D18-E7E3A25A032D}"
EndProject
Global
	GlobalSection(SolutionConfigurationPlatforms) = preSolution
		Debug|Any CPU = Debug|Any CPU
		Release|Any CPU = Release|Any CPU
	EndGlobalSection
	GlobalSection(ProjectConfigurationPlatforms) = postSolution
		{CD3AF2BC-B6C9-487F-ACE9-E8DC9ACB741F}.Debug|Any CPU.ActiveCfg = Debug|Any CPU
		{CD3AF2BC-B6C9-487F-ACE9-E8DC9ACB741F}.Debug|Any CPU.Build.0 = Debug|Any CPU
		{CD3AF2BC-B6C9-487F-ACE9-E8DC9ACB741F}.Release|Any CPU.ActiveCfg = Release|Any CPU
		{CD3AF2BC-B6C9-487F-ACE9-E8DC9ACB741F}.Release|Any CPU.Build.0 = Release|Any CPU
		{55C01836-E6BB-45DE-AF2F-3368781E904B}.Debug|Any CPU.ActiveCfg = Debug|Any CPU
		{55C01836-E6BB-45DE-AF2F-3368781E904B}.Debug|Any CPU.Build.0 = Debug|Any CPU
		{55C01836-E6BB-45DE-AF2F-3368781E904B}.Release|Any CPU.ActiveCfg = Release|Any CPU
		{55C01836-E6BB-45DE-AF2F-3368781E904B}.Release|Any CPU.Build.0 = Release|Any CPU
		{0612CAEA-52D5-4B03-A925-7CE37B3A5A3E}.Debug|Any CPU.ActiveCfg = Debug|Any CPU
		{0612CAEA-52D5-4B03-A925-7CE37B3A5A3E}.Debug|Any CPU.Build.0 = Debug|Any CPU
		{0612CAEA-52D5-4B03-A925-7CE37B3A5A3E}.Release|Any CPU.ActiveCfg = Release|Any CPU
		{0612CAEA-52D5-4B03-A925-7CE37B3A5A3E}.Release|Any CPU.Build.0 = Release|Any CPU
		{D4E659F2-A419-4005-AA8B-B681769088B1}.Debug|Any CPU.ActiveCfg = Debug|Any CPU
		{D4E659F2-A419-4005-AA8B-B681769088B1}.Debug|Any CPU.Build.0 = Debug|Any CPU
		{D4E659F2-A419-4005-AA8B-B681769088B1}.Release|Any CPU.ActiveCfg = Release|Any CPU
		{D4E659F2-A419-4005-AA8B-B681769088B1}.Release|Any CPU.Build.0 = Release|Any CPU
		{0338C56E-2C43-435D-AF0C-927731EB2126}.Debug|Any CPU.ActiveCfg = Debug|Any CPU
		{0338C56E-2C43-435D-AF0C-927731EB2126}.Debug|Any CPU.Build.0 = Debug|Any CPU
		{0338C56E-2C43-435D-AF0C-927731EB2126}.Release|Any CPU.ActiveCfg = Release|Any CPU
		{0338C56E-2C43-435D-AF0C-927731EB2126}.Release|Any CPU.Build.0 = Release|Any CPU
		{82CE09A8-0696-473C-8219-74B2C6C0D942}.Debug|Any CPU.ActiveCfg = Debug|Any CPU
		{82CE09A8-0696-473C-8219-74B2C6C0D942}.Debug|Any CPU.Build.0 = Debug|Any CPU
		{82CE09A8-0696-473C-8219-74B2C6C0D942}.Release|Any CPU.ActiveCfg = Release|Any CPU
		{82CE09A8-0696-473C-8219-74B2C6C0D942}.Release|Any CPU.Build.0 = Release|Any CPU
		{13060557-B5A6-416D-8446-551DAEC67B2D}.Debug|Any CPU.ActiveCfg = Debug|Any CPU
		{13060557-B5A6-416D-8446-551DAEC67B2D}.Debug|Any CPU.Build.0 = Debug|Any CPU
		{13060557-B5A6-416D-8446-551DAEC67B2D}.Release|Any CPU.ActiveCfg = Release|Any CPU
		{13060557-B5A6-416D-8446-551DAEC67B2D}.Release|Any CPU.Build.0 = Release|Any CPU
		{7B1E771A-F8CD-467D-BD62-3EF5903822EA}.Debug|Any CPU.ActiveCfg = Debug|Any CPU
		{7B1E771A-F8CD-467D-BD62-3EF5903822EA}.Debug|Any CPU.Build.0 = Debug|Any CPU
		{7B1E771A-F8CD-467D-BD62-3EF5903822EA}.Release|Any CPU.ActiveCfg = Release|Any CPU
		{7B1E771A-F8CD-467D-BD62-3EF5903822EA}.Release|Any CPU.Build.0 = Release|Any CPU
		{FD8A14BC-FF78-43D0-9B62-49BA0985A59F}.Debug|Any CPU.ActiveCfg = Debug|Any CPU
		{FD8A14BC-FF78-43D0-9B62-49BA0985A59F}.Debug|Any CPU.Build.0 = Debug|Any CPU
		{FD8A14BC-FF78-43D0-9B62-49BA0985A59F}.Release|Any CPU.ActiveCfg = Release|Any CPU
		{FD8A14BC-FF78-43D0-9B62-49BA0985A59F}.Release|Any CPU.Build.0 = Release|Any CPU
		{66DE1134-28A4-4B71-9D18-E7E3A25A032D}.Debug|Any CPU.ActiveCfg = Debug|Any CPU
		{66DE1134-28A4-4B71-9D18-E7E3A25A032D}.Debug|Any CPU.Build.0 = Debug|Any CPU
		{66DE1134-28A4-4B71-9D18-E7E3A25A032D}.Release|Any CPU.ActiveCfg = Release|Any CPU
		{66DE1134-28A4-4B71-9D18-E7E3A25A032D}.Release|Any CPU.Build.0 = Release|Any CPU
	EndGlobalSection
	GlobalSection(SolutionProperties) = preSolution
		HideSolutionNode = FALSE
	EndGlobalSection
	GlobalSection(NestedProjects) = preSolution
		{CD3AF2BC-B6C9-487F-ACE9-E8DC9ACB741F} = {2ACFB45F-748C-4BC0-8724-B80059E3D433}
		{55C01836-E6BB-45DE-AF2F-3368781E904B} = {2ACFB45F-748C-4BC0-8724-B80059E3D433}
		{0612CAEA-52D5-4B03-A925-7CE37B3A5A3E} = {2ACFB45F-748C-4BC0-8724-B80059E3D433}
		{D4E659F2-A419-4005-AA8B-B681769088B1} = {2ACFB45F-748C-4BC0-8724-B80059E3D433}
		{0338C56E-2C43-435D-AF0C-927731EB2126} = {2ACFB45F-748C-4BC0-8724-B80059E3D433}
		{82CE09A8-0696-473C-8219-74B2C6C0D942} = {2ACFB45F-748C-4BC0-8724-B80059E3D433}
		{13060557-B5A6-416D-8446-551DAEC67B2D} = {2ACFB45F-748C-4BC0-8724-B80059E3D433}
		{7B1E771A-F8CD-467D-BD62-3EF5903822EA} = {2ACFB45F-748C-4BC0-8724-B80059E3D433}
		{FD8A14BC-FF78-43D0-9B62-49BA0985A59F} = {2ACFB45F-748C-4BC0-8724-B80059E3D433}
	EndGlobalSection
	GlobalSection(ExtensibilityGlobals) = postSolution
		SolutionGuid = {3555EF42-4B2E-4648-9495-22543425C042}
	EndGlobalSection
EndGlobal
